
Microsoft Visual Studio Solution File, Format Version 12.00
# Visual Studio Version 16
VisualStudioVersion = 16.0.29509.3
MinimumVisualStudioVersion = 10.0.40219.1
Project("{FAE04EC0-301F-11D3-BF4B-00C04F79EFBC}") = "PictureBox", "PictureBox\PictureBox.csproj", "{124C0397-84B7-4E6E-8146-DF7AB7624830}"
EndProject
Global
	GlobalSection(SolutionConfigurationPlatforms) = preSolution
		Debug|Any CPU = Debug|Any CPU
		Release|Any CPU = Release|Any CPU
	EndGlobalSection
	GlobalSection(ProjectConfigurationPlatforms) = postSolution
		{124C0397-84B7-4E6E-8146-DF7AB7624830}.Debug|Any CPU.ActiveCfg = Debug|Any CPU
		{124C0397-84B7-4E6E-8146-DF7AB7624830}.Debug|Any CPU.Build.0 = Debug|Any CPU
		{124C0397-84B7-4E6E-8146-DF7AB7624830}.Release|Any CPU.ActiveCfg = Release|Any CPU
		{124C0397-84B7-4E6E-8146-DF7AB7624830}.Release|Any CPU.Build.0 = Release|Any CPU
	EndGlobalSection
	GlobalSection(SolutionProperties) = preSolution
		HideSolutionNode = FALSE
	EndGlobalSection
	GlobalSection(ExtensibilityGlobals) = postSolution
		SolutionGuid = {0B18C63D-90CD-44FB-87A6-D3DA132D3C47}
	EndGlobalSection
EndGlobal
