
Microsoft Visual Studio Solution File, Format Version 12.00
# Visual Studio Version 16
VisualStudioVersion = 16.0.29509.3
MinimumVisualStudioVersion = 10.0.40219.1
Project("{FAE04EC0-301F-11D3-BF4B-00C04F79EFBC}") = "Lệnh If ELse", "Lệnh If ELse\Lệnh If ELse.csproj", "{6E075221-4683-4647-9302-2C12F74A1C11}"
EndProject
Global
	GlobalSection(SolutionConfigurationPlatforms) = preSolution
		Debug|Any CPU = Debug|Any CPU
		Release|Any CPU = Release|Any CPU
	EndGlobalSection
	GlobalSection(ProjectConfigurationPlatforms) = postSolution
		{6E075221-4683-4647-9302-2C12F74A1C11}.Debug|Any CPU.ActiveCfg = Debug|Any CPU
		{6E075221-4683-4647-9302-2C12F74A1C11}.Debug|Any CPU.Build.0 = Debug|Any CPU
		{6E075221-4683-4647-9302-2C12F74A1C11}.Release|Any CPU.ActiveCfg = Release|Any CPU
		{6E075221-4683-4647-9302-2C12F74A1C11}.Release|Any CPU.Build.0 = Release|Any CPU
	EndGlobalSection
	GlobalSection(SolutionProperties) = preSolution
		HideSolutionNode = FALSE
	EndGlobalSection
	GlobalSection(ExtensibilityGlobals) = postSolution
		SolutionGuid = {4B3FDB53-3B97-40BA-BB47-9A2C13AAF0F4}
	EndGlobalSection
EndGlobal
