
Microsoft Visual Studio Solution File, Format Version 12.00
# Visual Studio Version 16
VisualStudioVersion = 16.0.29509.3
MinimumVisualStudioVersion = 10.0.40219.1
Project("{FAE04EC0-301F-11D3-BF4B-00C04F79EFBC}") = "Định nghĩa Class Rectangle", "Định nghĩa Class Rectangle\Định nghĩa Class Rectangle.csproj", "{8D304B95-BCDD-48C0-969B-4ABB80A0077B}"
EndProject
Global
	GlobalSection(SolutionConfigurationPlatforms) = preSolution
		Debug|Any CPU = Debug|Any CPU
		Release|Any CPU = Release|Any CPU
	EndGlobalSection
	GlobalSection(ProjectConfigurationPlatforms) = postSolution
		{8D304B95-BCDD-48C0-969B-4ABB80A0077B}.Debug|Any CPU.ActiveCfg = Debug|Any CPU
		{8D304B95-BCDD-48C0-969B-4ABB80A0077B}.Debug|Any CPU.Build.0 = Debug|Any CPU
		{8D304B95-BCDD-48C0-969B-4ABB80A0077B}.Release|Any CPU.ActiveCfg = Release|Any CPU
		{8D304B95-BCDD-48C0-969B-4ABB80A0077B}.Release|Any CPU.Build.0 = Release|Any CPU
	EndGlobalSection
	GlobalSection(SolutionProperties) = preSolution
		HideSolutionNode = FALSE
	EndGlobalSection
	GlobalSection(ExtensibilityGlobals) = postSolution
		SolutionGuid = {214B2BC0-FAC7-4A7E-9B60-2D02892297A2}
	EndGlobalSection
EndGlobal
