
Microsoft Visual Studio Solution File, Format Version 12.00
# Visual Studio Version 16
VisualStudioVersion = 16.0.29509.3
MinimumVisualStudioVersion = 10.0.40219.1
Project("{FAE04EC0-301F-11D3-BF4B-00C04F79EFBC}") = "Rectangle Internal", "Rectangle Internal\Rectangle Internal.csproj", "{348CB832-2E73-4F4B-A963-8F71950A23E6}"
EndProject
Global
	GlobalSection(SolutionConfigurationPlatforms) = preSolution
		Debug|Any CPU = Debug|Any CPU
		Release|Any CPU = Release|Any CPU
	EndGlobalSection
	GlobalSection(ProjectConfigurationPlatforms) = postSolution
		{348CB832-2E73-4F4B-A963-8F71950A23E6}.Debug|Any CPU.ActiveCfg = Debug|Any CPU
		{348CB832-2E73-4F4B-A963-8F71950A23E6}.Debug|Any CPU.Build.0 = Debug|Any CPU
		{348CB832-2E73-4F4B-A963-8F71950A23E6}.Release|Any CPU.ActiveCfg = Release|Any CPU
		{348CB832-2E73-4F4B-A963-8F71950A23E6}.Release|Any CPU.Build.0 = Release|Any CPU
	EndGlobalSection
	GlobalSection(SolutionProperties) = preSolution
		HideSolutionNode = FALSE
	EndGlobalSection
	GlobalSection(ExtensibilityGlobals) = postSolution
		SolutionGuid = {AEFD7D64-869C-4A18-B4F6-40921EF28EAA}
	EndGlobalSection
EndGlobal
