
Microsoft Visual Studio Solution File, Format Version 12.00
# Visual Studio Version 16
VisualStudioVersion = 16.0.29509.3
MinimumVisualStudioVersion = 10.0.40219.1
Project("{FAE04EC0-301F-11D3-BF4B-00C04F79EFBC}") = "Quản Lý Thông Tin Tài Khoản", "Quản Lý Thông Tin Tài Khoản\Quản Lý Thông Tin Tài Khoản.csproj", "{9726E345-420F-430A-945B-98B8C0E073F6}"
EndProject
Global
	GlobalSection(SolutionConfigurationPlatforms) = preSolution
		Debug|Any CPU = Debug|Any CPU
		Release|Any CPU = Release|Any CPU
	EndGlobalSection
	GlobalSection(ProjectConfigurationPlatforms) = postSolution
		{9726E345-420F-430A-945B-98B8C0E073F6}.Debug|Any CPU.ActiveCfg = Debug|Any CPU
		{9726E345-420F-430A-945B-98B8C0E073F6}.Debug|Any CPU.Build.0 = Debug|Any CPU
		{9726E345-420F-430A-945B-98B8C0E073F6}.Release|Any CPU.ActiveCfg = Release|Any CPU
		{9726E345-420F-430A-945B-98B8C0E073F6}.Release|Any CPU.Build.0 = Release|Any CPU
	EndGlobalSection
	GlobalSection(SolutionProperties) = preSolution
		HideSolutionNode = FALSE
	EndGlobalSection
	GlobalSection(ExtensibilityGlobals) = postSolution
		SolutionGuid = {426A2ECE-E922-4192-BFDB-2CAFA27086CF}
	EndGlobalSection
EndGlobal
